
Microsoft Visual Studio Solution File, Format Version 12.00
# Visual Studio Version 17
VisualStudioVersion = 17.7.34031.279
MinimumVisualStudioVersion = 10.0.40219.1
Project("{FAE04EC0-301F-11D3-BF4B-00C04F79EFBC}") = "ASd", "ASd\ASd.csproj", "{9E8DE764-4A09-4CFE-90B6-4F6C1917EA8C}"
EndProject
Global
	GlobalSection(SolutionConfigurationPlatforms) = preSolution
		Debug|Any CPU = Debug|Any CPU
		Release|Any CPU = Release|Any CPU
	EndGlobalSection
	GlobalSection(ProjectConfigurationPlatforms) = postSolution
		{9E8DE764-4A09-4CFE-90B6-4F6C1917EA8C}.Debug|Any CPU.ActiveCfg = Debug|Any CPU
		{9E8DE764-4A09-4CFE-90B6-4F6C1917EA8C}.Debug|Any CPU.Build.0 = Debug|Any CPU
		{9E8DE764-4A09-4CFE-90B6-4F6C1917EA8C}.Release|Any CPU.ActiveCfg = Release|Any CPU
		{9E8DE764-4A09-4CFE-90B6-4F6C1917EA8C}.Release|Any CPU.Build.0 = Release|Any CPU
	EndGlobalSection
	GlobalSection(SolutionProperties) = preSolution
		HideSolutionNode = FALSE
	EndGlobalSection
	GlobalSection(ExtensibilityGlobals) = postSolution
		SolutionGuid = {A2FCE4EA-60D3-44A6-9A21-1CDE4233FC43}
	EndGlobalSection
EndGlobal
